
Microsoft Visual Studio Solution File, Format Version 12.00
# Visual Studio 15
VisualStudioVersion = 15.0.26430.13
MinimumVisualStudioVersion = 10.0.40219.1
Project("{8BC9CEB8-8B4A-11D0-8D11-00A0C91BC942}") = "APSI", "APSI\APSI.vcxproj", "{6E84A852-E68E-4C1D-8266-08CEEAB6ADE6}"
EndProject
Project("{8BC9CEB8-8B4A-11D0-8D11-00A0C91BC942}") = "SenderExample", "SenderExample\SenderExample.vcxproj", "{1F85CFA1-FE7B-46DA-AADA-54A6C403E6E2}"
	ProjectSection(ProjectDependencies) = postProject
		{6E84A852-E68E-4C1D-8266-08CEEAB6ADE6} = {6E84A852-E68E-4C1D-8266-08CEEAB6ADE6}
	EndProjectSection
EndProject
Project("{8BC9CEB8-8B4A-11D0-8D11-00A0C91BC942}") = "ReceiverExample", "ReceiverExample\ReceiverExample.vcxproj", "{CD01F1BD-DF08-49A0-882C-E1D80684D511}"
	ProjectSection(ProjectDependencies) = postProject
		{6E84A852-E68E-4C1D-8266-08CEEAB6ADE6} = {6E84A852-E68E-4C1D-8266-08CEEAB6ADE6}
	EndProjectSection
EndProject
Project("{8BC9CEB8-8B4A-11D0-8D11-00A0C91BC942}") = "APSITests", "APSITests\APSITests.vcxproj", "{49E062C3-F57A-4BCA-B400-40947E973054}"
	ProjectSection(ProjectDependencies) = postProject
		{6E84A852-E68E-4C1D-8266-08CEEAB6ADE6} = {6E84A852-E68E-4C1D-8266-08CEEAB6ADE6}
	EndProjectSection
EndProject
Project("{8BC9CEB8-8B4A-11D0-8D11-00A0C91BC942}") = "iDASH2017", "iDASH2017\iDASH2017.vcxproj", "{14E3E8AF-0990-4EDE-9C75-BA88F9098002}"
	ProjectSection(ProjectDependencies) = postProject
		{6E84A852-E68E-4C1D-8266-08CEEAB6ADE6} = {6E84A852-E68E-4C1D-8266-08CEEAB6ADE6}
	EndProjectSection
EndProject
Global
	GlobalSection(SolutionConfigurationPlatforms) = preSolution
		Debug|x64 = Debug|x64
		Debug|x86 = Debug|x86
		Release|x64 = Release|x64
		Release|x86 = Release|x86
	EndGlobalSection
	GlobalSection(ProjectConfigurationPlatforms) = postSolution
		{6E84A852-E68E-4C1D-8266-08CEEAB6ADE6}.Debug|x64.ActiveCfg = Debug|x64
		{6E84A852-E68E-4C1D-8266-08CEEAB6ADE6}.Debug|x64.Build.0 = Debug|x64
		{6E84A852-E68E-4C1D-8266-08CEEAB6ADE6}.Debug|x86.ActiveCfg = Debug|Win32
		{6E84A852-E68E-4C1D-8266-08CEEAB6ADE6}.Debug|x86.Build.0 = Debug|Win32
		{6E84A852-E68E-4C1D-8266-08CEEAB6ADE6}.Release|x64.ActiveCfg = Release|x64
		{6E84A852-E68E-4C1D-8266-08CEEAB6ADE6}.Release|x64.Build.0 = Release|x64
		{6E84A852-E68E-4C1D-8266-08CEEAB6ADE6}.Release|x86.ActiveCfg = Release|Win32
		{6E84A852-E68E-4C1D-8266-08CEEAB6ADE6}.Release|x86.Build.0 = Release|Win32
		{1F85CFA1-FE7B-46DA-AADA-54A6C403E6E2}.Debug|x64.ActiveCfg = Debug|x64
		{1F85CFA1-FE7B-46DA-AADA-54A6C403E6E2}.Debug|x64.Build.0 = Debug|x64
		{1F85CFA1-FE7B-46DA-AADA-54A6C403E6E2}.Debug|x86.ActiveCfg = Debug|Win32
		{1F85CFA1-FE7B-46DA-AADA-54A6C403E6E2}.Debug|x86.Build.0 = Debug|Win32
		{1F85CFA1-FE7B-46DA-AADA-54A6C403E6E2}.Release|x64.ActiveCfg = Release|x64
		{1F85CFA1-FE7B-46DA-AADA-54A6C403E6E2}.Release|x64.Build.0 = Release|x64
		{1F85CFA1-FE7B-46DA-AADA-54A6C403E6E2}.Release|x86.ActiveCfg = Release|Win32
		{1F85CFA1-FE7B-46DA-AADA-54A6C403E6E2}.Release|x86.Build.0 = Release|Win32
		{CD01F1BD-DF08-49A0-882C-E1D80684D511}.Debug|x64.ActiveCfg = Debug|x64
		{CD01F1BD-DF08-49A0-882C-E1D80684D511}.Debug|x64.Build.0 = Debug|x64
		{CD01F1BD-DF08-49A0-882C-E1D80684D511}.Debug|x86.ActiveCfg = Debug|Win32
		{CD01F1BD-DF08-49A0-882C-E1D80684D511}.Debug|x86.Build.0 = Debug|Win32
		{CD01F1BD-DF08-49A0-882C-E1D80684D511}.Release|x64.ActiveCfg = Release|x64
		{CD01F1BD-DF08-49A0-882C-E1D80684D511}.Release|x64.Build.0 = Release|x64
		{CD01F1BD-DF08-49A0-882C-E1D80684D511}.Release|x86.ActiveCfg = Release|Win32
		{CD01F1BD-DF08-49A0-882C-E1D80684D511}.Release|x86.Build.0 = Release|Win32
		{49E062C3-F57A-4BCA-B400-40947E973054}.Debug|x64.ActiveCfg = Debug|x64
		{49E062C3-F57A-4BCA-B400-40947E973054}.Debug|x64.Build.0 = Debug|x64
		{49E062C3-F57A-4BCA-B400-40947E973054}.Debug|x86.ActiveCfg = Debug|Win32
		{49E062C3-F57A-4BCA-B400-40947E973054}.Debug|x86.Build.0 = Debug|Win32
		{49E062C3-F57A-4BCA-B400-40947E973054}.Release|x64.ActiveCfg = Release|x64
		{49E062C3-F57A-4BCA-B400-40947E973054}.Release|x64.Build.0 = Release|x64
		{49E062C3-F57A-4BCA-B400-40947E973054}.Release|x86.ActiveCfg = Release|Win32
		{49E062C3-F57A-4BCA-B400-40947E973054}.Release|x86.Build.0 = Release|Win32
		{14E3E8AF-0990-4EDE-9C75-BA88F9098002}.Debug|x64.ActiveCfg = Debug|x64
		{14E3E8AF-0990-4EDE-9C75-BA88F9098002}.Debug|x64.Build.0 = Debug|x64
		{14E3E8AF-0990-4EDE-9C75-BA88F9098002}.Debug|x86.ActiveCfg = Debug|Win32
		{14E3E8AF-0990-4EDE-9C75-BA88F9098002}.Debug|x86.Build.0 = Debug|Win32
		{14E3E8AF-0990-4EDE-9C75-BA88F9098002}.Release|x64.ActiveCfg = Release|x64
		{14E3E8AF-0990-4EDE-9C75-BA88F9098002}.Release|x64.Build.0 = Release|x64
		{14E3E8AF-0990-4EDE-9C75-BA88F9098002}.Release|x86.ActiveCfg = Release|Win32
		{14E3E8AF-0990-4EDE-9C75-BA88F9098002}.Release|x86.Build.0 = Release|Win32
	EndGlobalSection
	GlobalSection(SolutionProperties) = preSolution
		HideSolutionNode = FALSE
	EndGlobalSection
EndGlobal
