
Microsoft Visual Studio Solution File, Format Version 12.00
# Visual Studio Version 16
VisualStudioVersion = 16.0.29020.237
MinimumVisualStudioVersion = 10.0.40219.1
Project("{8BC9CEB8-8B4A-11D0-8D11-00A0C91BC942}") = "APSICommon", "APSICommon\APSICommon.vcxproj", "{6E84A852-E68E-4C1D-8266-08CEEAB6ADE6}"
EndProject
Project("{8BC9CEB8-8B4A-11D0-8D11-00A0C91BC942}") = "Receiver", "ReceiverCLI\Receiver.vcxproj", "{CD01F1BD-DF08-49A0-882C-E1D80684D511}"
	ProjectSection(ProjectDependencies) = postProject
		{E3FE0731-D244-44C3-8BB9-7165391DD886} = {E3FE0731-D244-44C3-8BB9-7165391DD886}
		{FEB5864F-E9E8-467B-9067-83FE23DB2F92} = {FEB5864F-E9E8-467B-9067-83FE23DB2F92}
	EndProjectSection
EndProject
Project("{8BC9CEB8-8B4A-11D0-8D11-00A0C91BC942}") = "APSITests", "APSITests\APSITests.vcxproj", "{49E062C3-F57A-4BCA-B400-40947E973054}"
	ProjectSection(ProjectDependencies) = postProject
		{FEB5864F-E9E8-467B-9067-83FE23DB2F92} = {FEB5864F-E9E8-467B-9067-83FE23DB2F92}
		{72D055E7-8FC0-4E63-90AB-87DAB308F201} = {72D055E7-8FC0-4E63-90AB-87DAB308F201}
	EndProjectSection
EndProject
Project("{8BC9CEB8-8B4A-11D0-8D11-00A0C91BC942}") = "Sender", "SenderCLI\Sender.vcxproj", "{1F85CFA1-FE7B-46DA-AADA-54A6C403E6E2}"
	ProjectSection(ProjectDependencies) = postProject
		{E3FE0731-D244-44C3-8BB9-7165391DD886} = {E3FE0731-D244-44C3-8BB9-7165391DD886}
		{72D055E7-8FC0-4E63-90AB-87DAB308F201} = {72D055E7-8FC0-4E63-90AB-87DAB308F201}
	EndProjectSection
EndProject
Project("{8BC9CEB8-8B4A-11D0-8D11-00A0C91BC942}") = "CommonCLI", "CommonCLI\CommonCLI.vcxproj", "{E3FE0731-D244-44C3-8BB9-7165391DD886}"
EndProject
Project("{8BC9CEB8-8B4A-11D0-8D11-00A0C91BC942}") = "IntegrationTests", "IntegrationTests\IntegrationTests.vcxproj", "{305E8743-DC5A-4BC1-94E2-7764E7468DB6}"
	ProjectSection(ProjectDependencies) = postProject
		{E3FE0731-D244-44C3-8BB9-7165391DD886} = {E3FE0731-D244-44C3-8BB9-7165391DD886}
		{FEB5864F-E9E8-467B-9067-83FE23DB2F92} = {FEB5864F-E9E8-467B-9067-83FE23DB2F92}
		{72D055E7-8FC0-4E63-90AB-87DAB308F201} = {72D055E7-8FC0-4E63-90AB-87DAB308F201}
	EndProjectSection
EndProject
Project("{8BC9CEB8-8B4A-11D0-8D11-00A0C91BC942}") = "APSINative", "APSINative\APSINative.vcxproj", "{0C803135-ECBA-4A71-AC29-7AFD04AD3D13}"
	ProjectSection(ProjectDependencies) = postProject
		{FEB5864F-E9E8-467B-9067-83FE23DB2F92} = {FEB5864F-E9E8-467B-9067-83FE23DB2F92}
	EndProjectSection
EndProject
Project("{8BC9CEB8-8B4A-11D0-8D11-00A0C91BC942}") = "APSIReceiver", "APSIReceiver\APSIReceiver.vcxproj", "{FEB5864F-E9E8-467B-9067-83FE23DB2F92}"
	ProjectSection(ProjectDependencies) = postProject
		{6E84A852-E68E-4C1D-8266-08CEEAB6ADE6} = {6E84A852-E68E-4C1D-8266-08CEEAB6ADE6}
	EndProjectSection
EndProject
Project("{8BC9CEB8-8B4A-11D0-8D11-00A0C91BC942}") = "APSISender", "APSISender\APSISender.vcxproj", "{72D055E7-8FC0-4E63-90AB-87DAB308F201}"
	ProjectSection(ProjectDependencies) = postProject
		{6E84A852-E68E-4C1D-8266-08CEEAB6ADE6} = {6E84A852-E68E-4C1D-8266-08CEEAB6ADE6}
	EndProjectSection
EndProject
Project("{9A19103F-16F7-4668-BE54-9A1E7A4F7556}") = "APSIClient", "APSIClient\APSIClient.csproj", "{25226BBF-21B0-423D-A7E8-D439AF75256F}"
	ProjectSection(ProjectDependencies) = postProject
		{0C803135-ECBA-4A71-AC29-7AFD04AD3D13} = {0C803135-ECBA-4A71-AC29-7AFD04AD3D13}
	EndProjectSection
EndProject
Global
	GlobalSection(SolutionConfigurationPlatforms) = preSolution
		Debug|Any CPU = Debug|Any CPU
		Debug|x64 = Debug|x64
		Debug|x86 = Debug|x86
		Release|Any CPU = Release|Any CPU
		Release|x64 = Release|x64
		Release|x86 = Release|x86
	EndGlobalSection
	GlobalSection(ProjectConfigurationPlatforms) = postSolution
		{6E84A852-E68E-4C1D-8266-08CEEAB6ADE6}.Debug|Any CPU.ActiveCfg = Debug|Win32
		{6E84A852-E68E-4C1D-8266-08CEEAB6ADE6}.Debug|x64.ActiveCfg = Debug|x64
		{6E84A852-E68E-4C1D-8266-08CEEAB6ADE6}.Debug|x64.Build.0 = Debug|x64
		{6E84A852-E68E-4C1D-8266-08CEEAB6ADE6}.Debug|x86.ActiveCfg = Debug|Win32
		{6E84A852-E68E-4C1D-8266-08CEEAB6ADE6}.Debug|x86.Build.0 = Debug|Win32
		{6E84A852-E68E-4C1D-8266-08CEEAB6ADE6}.Release|Any CPU.ActiveCfg = Release|Win32
		{6E84A852-E68E-4C1D-8266-08CEEAB6ADE6}.Release|x64.ActiveCfg = Release|x64
		{6E84A852-E68E-4C1D-8266-08CEEAB6ADE6}.Release|x64.Build.0 = Release|x64
		{6E84A852-E68E-4C1D-8266-08CEEAB6ADE6}.Release|x86.ActiveCfg = Release|Win32
		{6E84A852-E68E-4C1D-8266-08CEEAB6ADE6}.Release|x86.Build.0 = Release|Win32
		{CD01F1BD-DF08-49A0-882C-E1D80684D511}.Debug|Any CPU.ActiveCfg = Debug|Win32
		{CD01F1BD-DF08-49A0-882C-E1D80684D511}.Debug|x64.ActiveCfg = Debug|x64
		{CD01F1BD-DF08-49A0-882C-E1D80684D511}.Debug|x64.Build.0 = Debug|x64
		{CD01F1BD-DF08-49A0-882C-E1D80684D511}.Debug|x86.ActiveCfg = Debug|Win32
		{CD01F1BD-DF08-49A0-882C-E1D80684D511}.Debug|x86.Build.0 = Debug|Win32
		{CD01F1BD-DF08-49A0-882C-E1D80684D511}.Release|Any CPU.ActiveCfg = Release|Win32
		{CD01F1BD-DF08-49A0-882C-E1D80684D511}.Release|x64.ActiveCfg = Release|x64
		{CD01F1BD-DF08-49A0-882C-E1D80684D511}.Release|x64.Build.0 = Release|x64
		{CD01F1BD-DF08-49A0-882C-E1D80684D511}.Release|x86.ActiveCfg = Release|Win32
		{CD01F1BD-DF08-49A0-882C-E1D80684D511}.Release|x86.Build.0 = Release|Win32
		{49E062C3-F57A-4BCA-B400-40947E973054}.Debug|Any CPU.ActiveCfg = Debug|x64
		{49E062C3-F57A-4BCA-B400-40947E973054}.Debug|x64.ActiveCfg = Debug|x64
		{49E062C3-F57A-4BCA-B400-40947E973054}.Debug|x64.Build.0 = Debug|x64
		{49E062C3-F57A-4BCA-B400-40947E973054}.Debug|x86.ActiveCfg = Debug|Win32
		{49E062C3-F57A-4BCA-B400-40947E973054}.Debug|x86.Build.0 = Debug|Win32
		{49E062C3-F57A-4BCA-B400-40947E973054}.Release|Any CPU.ActiveCfg = Release|x64
		{49E062C3-F57A-4BCA-B400-40947E973054}.Release|x64.ActiveCfg = Release|x64
		{49E062C3-F57A-4BCA-B400-40947E973054}.Release|x64.Build.0 = Release|x64
		{49E062C3-F57A-4BCA-B400-40947E973054}.Release|x86.ActiveCfg = Release|Win32
		{49E062C3-F57A-4BCA-B400-40947E973054}.Release|x86.Build.0 = Release|Win32
		{1F85CFA1-FE7B-46DA-AADA-54A6C403E6E2}.Debug|Any CPU.ActiveCfg = Debug|Win32
		{1F85CFA1-FE7B-46DA-AADA-54A6C403E6E2}.Debug|x64.ActiveCfg = Debug|x64
		{1F85CFA1-FE7B-46DA-AADA-54A6C403E6E2}.Debug|x64.Build.0 = Debug|x64
		{1F85CFA1-FE7B-46DA-AADA-54A6C403E6E2}.Debug|x86.ActiveCfg = Debug|Win32
		{1F85CFA1-FE7B-46DA-AADA-54A6C403E6E2}.Debug|x86.Build.0 = Debug|Win32
		{1F85CFA1-FE7B-46DA-AADA-54A6C403E6E2}.Release|Any CPU.ActiveCfg = Release|Win32
		{1F85CFA1-FE7B-46DA-AADA-54A6C403E6E2}.Release|x64.ActiveCfg = Release|x64
		{1F85CFA1-FE7B-46DA-AADA-54A6C403E6E2}.Release|x64.Build.0 = Release|x64
		{1F85CFA1-FE7B-46DA-AADA-54A6C403E6E2}.Release|x86.ActiveCfg = Release|Win32
		{1F85CFA1-FE7B-46DA-AADA-54A6C403E6E2}.Release|x86.Build.0 = Release|Win32
		{E3FE0731-D244-44C3-8BB9-7165391DD886}.Debug|Any CPU.ActiveCfg = Debug|Win32
		{E3FE0731-D244-44C3-8BB9-7165391DD886}.Debug|x64.ActiveCfg = Debug|x64
		{E3FE0731-D244-44C3-8BB9-7165391DD886}.Debug|x64.Build.0 = Debug|x64
		{E3FE0731-D244-44C3-8BB9-7165391DD886}.Debug|x86.ActiveCfg = Debug|Win32
		{E3FE0731-D244-44C3-8BB9-7165391DD886}.Debug|x86.Build.0 = Debug|Win32
		{E3FE0731-D244-44C3-8BB9-7165391DD886}.Release|Any CPU.ActiveCfg = Release|Win32
		{E3FE0731-D244-44C3-8BB9-7165391DD886}.Release|x64.ActiveCfg = Release|x64
		{E3FE0731-D244-44C3-8BB9-7165391DD886}.Release|x64.Build.0 = Release|x64
		{E3FE0731-D244-44C3-8BB9-7165391DD886}.Release|x86.ActiveCfg = Release|Win32
		{E3FE0731-D244-44C3-8BB9-7165391DD886}.Release|x86.Build.0 = Release|Win32
		{305E8743-DC5A-4BC1-94E2-7764E7468DB6}.Debug|Any CPU.ActiveCfg = Debug|Win32
		{305E8743-DC5A-4BC1-94E2-7764E7468DB6}.Debug|x64.ActiveCfg = Debug|x64
		{305E8743-DC5A-4BC1-94E2-7764E7468DB6}.Debug|x64.Build.0 = Debug|x64
		{305E8743-DC5A-4BC1-94E2-7764E7468DB6}.Debug|x86.ActiveCfg = Debug|Win32
		{305E8743-DC5A-4BC1-94E2-7764E7468DB6}.Debug|x86.Build.0 = Debug|Win32
		{305E8743-DC5A-4BC1-94E2-7764E7468DB6}.Release|Any CPU.ActiveCfg = Release|Win32
		{305E8743-DC5A-4BC1-94E2-7764E7468DB6}.Release|x64.ActiveCfg = Release|x64
		{305E8743-DC5A-4BC1-94E2-7764E7468DB6}.Release|x64.Build.0 = Release|x64
		{305E8743-DC5A-4BC1-94E2-7764E7468DB6}.Release|x86.ActiveCfg = Release|Win32
		{305E8743-DC5A-4BC1-94E2-7764E7468DB6}.Release|x86.Build.0 = Release|Win32
		{0C803135-ECBA-4A71-AC29-7AFD04AD3D13}.Debug|Any CPU.ActiveCfg = Debug|Win32
		{0C803135-ECBA-4A71-AC29-7AFD04AD3D13}.Debug|x64.ActiveCfg = Debug|x64
		{0C803135-ECBA-4A71-AC29-7AFD04AD3D13}.Debug|x64.Build.0 = Debug|x64
		{0C803135-ECBA-4A71-AC29-7AFD04AD3D13}.Debug|x86.ActiveCfg = Debug|Win32
		{0C803135-ECBA-4A71-AC29-7AFD04AD3D13}.Release|Any CPU.ActiveCfg = Release|Win32
		{0C803135-ECBA-4A71-AC29-7AFD04AD3D13}.Release|x64.ActiveCfg = Release|x64
		{0C803135-ECBA-4A71-AC29-7AFD04AD3D13}.Release|x64.Build.0 = Release|x64
		{0C803135-ECBA-4A71-AC29-7AFD04AD3D13}.Release|x86.ActiveCfg = Release|Win32
		{FEB5864F-E9E8-467B-9067-83FE23DB2F92}.Debug|Any CPU.ActiveCfg = Debug|Win32
		{FEB5864F-E9E8-467B-9067-83FE23DB2F92}.Debug|x64.ActiveCfg = Debug|x64
		{FEB5864F-E9E8-467B-9067-83FE23DB2F92}.Debug|x64.Build.0 = Debug|x64
		{FEB5864F-E9E8-467B-9067-83FE23DB2F92}.Debug|x86.ActiveCfg = Debug|Win32
		{FEB5864F-E9E8-467B-9067-83FE23DB2F92}.Debug|x86.Build.0 = Debug|Win32
		{FEB5864F-E9E8-467B-9067-83FE23DB2F92}.Release|Any CPU.ActiveCfg = Release|Win32
		{FEB5864F-E9E8-467B-9067-83FE23DB2F92}.Release|x64.ActiveCfg = Release|x64
		{FEB5864F-E9E8-467B-9067-83FE23DB2F92}.Release|x64.Build.0 = Release|x64
		{FEB5864F-E9E8-467B-9067-83FE23DB2F92}.Release|x86.ActiveCfg = Release|Win32
		{FEB5864F-E9E8-467B-9067-83FE23DB2F92}.Release|x86.Build.0 = Release|Win32
		{72D055E7-8FC0-4E63-90AB-87DAB308F201}.Debug|Any CPU.ActiveCfg = Debug|Win32
		{72D055E7-8FC0-4E63-90AB-87DAB308F201}.Debug|x64.ActiveCfg = Debug|x64
		{72D055E7-8FC0-4E63-90AB-87DAB308F201}.Debug|x64.Build.0 = Debug|x64
		{72D055E7-8FC0-4E63-90AB-87DAB308F201}.Debug|x86.ActiveCfg = Debug|Win32
		{72D055E7-8FC0-4E63-90AB-87DAB308F201}.Debug|x86.Build.0 = Debug|Win32
		{72D055E7-8FC0-4E63-90AB-87DAB308F201}.Release|Any CPU.ActiveCfg = Release|Win32
		{72D055E7-8FC0-4E63-90AB-87DAB308F201}.Release|x64.ActiveCfg = Release|x64
		{72D055E7-8FC0-4E63-90AB-87DAB308F201}.Release|x64.Build.0 = Release|x64
		{72D055E7-8FC0-4E63-90AB-87DAB308F201}.Release|x86.ActiveCfg = Release|Win32
		{72D055E7-8FC0-4E63-90AB-87DAB308F201}.Release|x86.Build.0 = Release|Win32
		{25226BBF-21B0-423D-A7E8-D439AF75256F}.Debug|Any CPU.ActiveCfg = Debug|Any CPU
		{25226BBF-21B0-423D-A7E8-D439AF75256F}.Debug|Any CPU.Build.0 = Debug|Any CPU
		{25226BBF-21B0-423D-A7E8-D439AF75256F}.Debug|x64.ActiveCfg = Debug|Any CPU
		{25226BBF-21B0-423D-A7E8-D439AF75256F}.Debug|x64.Build.0 = Debug|Any CPU
		{25226BBF-21B0-423D-A7E8-D439AF75256F}.Debug|x86.ActiveCfg = Debug|Any CPU
		{25226BBF-21B0-423D-A7E8-D439AF75256F}.Release|Any CPU.ActiveCfg = Release|Any CPU
		{25226BBF-21B0-423D-A7E8-D439AF75256F}.Release|Any CPU.Build.0 = Release|Any CPU
		{25226BBF-21B0-423D-A7E8-D439AF75256F}.Release|x64.ActiveCfg = Release|Any CPU
		{25226BBF-21B0-423D-A7E8-D439AF75256F}.Release|x64.Build.0 = Release|Any CPU
		{25226BBF-21B0-423D-A7E8-D439AF75256F}.Release|x86.ActiveCfg = Release|Any CPU
	EndGlobalSection
	GlobalSection(SolutionProperties) = preSolution
		HideSolutionNode = FALSE
	EndGlobalSection
	GlobalSection(ExtensibilityGlobals) = postSolution
		SolutionGuid = {BC2DD916-E361-4A18-A204-E74DAAFFB188}
	EndGlobalSection
	GlobalSection(Performance) = preSolution
		HasPerformanceSessions = true
	EndGlobalSection
	GlobalSection(Performance) = preSolution
		HasPerformanceSessions = true
	EndGlobalSection
	GlobalSection(Performance) = preSolution
		HasPerformanceSessions = true
	EndGlobalSection
	GlobalSection(Performance) = preSolution
		HasPerformanceSessions = true
	EndGlobalSection
	GlobalSection(Performance) = preSolution
		HasPerformanceSessions = true
	EndGlobalSection
	GlobalSection(Performance) = preSolution
		HasPerformanceSessions = true
	EndGlobalSection
	GlobalSection(Performance) = preSolution
		HasPerformanceSessions = true
	EndGlobalSection
EndGlobal
